
Microsoft Visual Studio Solution File, Format Version 12.00
# Visual Studio Version 16
VisualStudioVersion = 16.0.29318.209
MinimumVisualStudioVersion = 10.0.40219.1
Project("{FAE04EC0-301F-11D3-BF4B-00C04F79EFBC}") = "Cit-eTrike", "Cit-eTrike.csproj", "{610D2518-5668-4453-951A-CB8719293627}"
EndProject
Global
	GlobalSection(SolutionConfigurationPlatforms) = preSolution
		Debug|Any CPU = Debug|Any CPU
		Release|Any CPU = Release|Any CPU
	EndGlobalSection
	GlobalSection(ProjectConfigurationPlatforms) = postSolution
		{610D2518-5668-4453-951A-CB8719293627}.Debug|Any CPU.ActiveCfg = Debug|Any CPU
		{610D2518-5668-4453-951A-CB8719293627}.Debug|Any CPU.Build.0 = Debug|Any CPU
		{610D2518-5668-4453-951A-CB8719293627}.Release|Any CPU.ActiveCfg = Release|Any CPU
		{610D2518-5668-4453-951A-CB8719293627}.Release|Any CPU.Build.0 = Release|Any CPU
	EndGlobalSection
	GlobalSection(SolutionProperties) = preSolution
		HideSolutionNode = FALSE
	EndGlobalSection
	GlobalSection(ExtensibilityGlobals) = postSolution
		SolutionGuid = {9A8FF77E-86ED-47D3-8D98-08EFEE21B9C7}
	EndGlobalSection
EndGlobal
